// !$*UTF8*$!
{
	archiveVersion = 1;
	classes = {
	};
	objectVersion = 56;
	objects = {

/* Begin PBXBuildFile section */
		3D714D592C8C4F81001CB89F /* ImagesListCell.swift in Sources */ = {isa = PBXBuildFile; fileRef = 3D714D582C8C4F81001CB89F /* ImagesListCell.swift */; };
		7500AE6A2CD15A7B006AE4C6 /* Kingfisher in Frameworks */ = {isa = PBXBuildFile; productRef = 7500AE692CD15A7B006AE4C6 /* Kingfisher */; };
		7500AE6D2CD2A9A9006AE4C6 /* SwiftKeychainWrapper in Frameworks */ = {isa = PBXBuildFile; productRef = 7500AE6C2CD2A9A9006AE4C6 /* SwiftKeychainWrapper */; };
		7500AE6F2CD2B0BF006AE4C6 /* TabBarController.swift in Sources */ = {isa = PBXBuildFile; fileRef = 7500AE6E2CD2B0BC006AE4C6 /* TabBarController.swift */; };
		753A4C672C88E1DD004FD659 /* AppDelegate.swift in Sources */ = {isa = PBXBuildFile; fileRef = 753A4C662C88E1DD004FD659 /* AppDelegate.swift */; };
		753A4C692C88E1DD004FD659 /* SceneDelegate.swift in Sources */ = {isa = PBXBuildFile; fileRef = 753A4C682C88E1DD004FD659 /* SceneDelegate.swift */; };
		753A4C6B2C88E1DD004FD659 /* ImagesListViewController.swift in Sources */ = {isa = PBXBuildFile; fileRef = 753A4C6A2C88E1DD004FD659 /* ImagesListViewController.swift */; };
		753A4C6E2C88E1DD004FD659 /* Base in Resources */ = {isa = PBXBuildFile; fileRef = 753A4C6D2C88E1DD004FD659 /* Base */; };
		753A4C702C88E1DF004FD659 /* Assets.xcassets in Resources */ = {isa = PBXBuildFile; fileRef = 753A4C6F2C88E1DF004FD659 /* Assets.xcassets */; };
		753A4C732C88E1DF004FD659 /* Base in Resources */ = {isa = PBXBuildFile; fileRef = 753A4C722C88E1DF004FD659 /* Base */; };
		75577C6C2CE52ED700422772 /* WebViewPresenter.swift in Sources */ = {isa = PBXBuildFile; fileRef = 75577C6B2CE52ED400422772 /* WebViewPresenter.swift */; };
		75577C6E2CE5336400422772 /* AuthHelper.swift in Sources */ = {isa = PBXBuildFile; fileRef = 75577C6D2CE5335F00422772 /* AuthHelper.swift */; };
		7572C8E32CA5D18E00000CC4 /* AuthConfiguration.swift in Sources */ = {isa = PBXBuildFile; fileRef = 7572C8E22CA5D18500000CC4 /* AuthConfiguration.swift */; };
		7572C8E52CA86B5700000CC4 /* AuthViewController.swift in Sources */ = {isa = PBXBuildFile; fileRef = 7572C8E42CA86B5300000CC4 /* AuthViewController.swift */; };
		7572C8EA2CA86F2F00000CC4 /* WebViewViewController.swift in Sources */ = {isa = PBXBuildFile; fileRef = 7572C8E92CA86F2B00000CC4 /* WebViewViewController.swift */; };
		7579CD182CCADF2E00748B51 /* ProfileImageService.swift in Sources */ = {isa = PBXBuildFile; fileRef = 7579CD172CCADF2600748B51 /* ProfileImageService.swift */; };
		759F3A602CA98FEA000B1F88 /* OAuth2Service.swift in Sources */ = {isa = PBXBuildFile; fileRef = 759F3A5F2CA98FE7000B1F88 /* OAuth2Service.swift */; };
		759F3A622CAC71B9000B1F88 /* URLSession+data.swift in Sources */ = {isa = PBXBuildFile; fileRef = 759F3A612CAC71AD000B1F88 /* URLSession+data.swift */; };
		759F3A642CAC741D000B1F88 /* OAuthTokenResponseBody.swift in Sources */ = {isa = PBXBuildFile; fileRef = 759F3A632CAC741C000B1F88 /* OAuthTokenResponseBody.swift */; };
		759F3A662CAC7473000B1F88 /* OAuth2TokenStorage.swift in Sources */ = {isa = PBXBuildFile; fileRef = 759F3A652CAC7472000B1F88 /* OAuth2TokenStorage.swift */; };
		759F3A6A2CAC7CEC000B1F88 /* SplashViewController.swift in Sources */ = {isa = PBXBuildFile; fileRef = 759F3A692CAC7CEC000B1F88 /* SplashViewController.swift */; };
		75C0A6322CC6D4D900CE2247 /* ProgressHUD in Frameworks */ = {isa = PBXBuildFile; productRef = 75C0A6312CC6D4D900CE2247 /* ProgressHUD */; };
		75D7FCBF2C8D95F500DAE973 /* SingleImageViewController.swift in Sources */ = {isa = PBXBuildFile; fileRef = 75D7FCBE2C8D95F500DAE973 /* SingleImageViewController.swift */; };
		75DBC0082CD938670012043E /* ImagesListService.swift in Sources */ = {isa = PBXBuildFile; fileRef = 75DBC0072CD938650012043E /* ImagesListService.swift */; };
		75DBC0172CDE934C0012043E /* ProfileLogoutService.swift in Sources */ = {isa = PBXBuildFile; fileRef = 75DBC0162CDE93480012043E /* ProfileLogoutService.swift */; };
		75E9CAEB2CCACB95003B47D1 /* UIBlockingProgressHUD.swift in Sources */ = {isa = PBXBuildFile; fileRef = 75E9CAEA2CCACB86003B47D1 /* UIBlockingProgressHUD.swift */; };
		75E9CAED2CCACD82003B47D1 /* ProfileService.swift in Sources */ = {isa = PBXBuildFile; fileRef = 75E9CAEC2CCACD80003B47D1 /* ProfileService.swift */; };
		75F355162C8D83AD00058F71 /* ProfileViewController.swift in Sources */ = {isa = PBXBuildFile; fileRef = 75F355152C8D83AD00058F71 /* ProfileViewController.swift */; };
/* End PBXBuildFile section */

/* Begin PBXContainerItemProxy section */
		75DBC0112CD94F950012043E /* PBXContainerItemProxy */ = {
			isa = PBXContainerItemProxy;
			containerPortal = 753A4C5B2C88E1DD004FD659 /* Project object */;
			proxyType = 1;
			remoteGlobalIDString = 753A4C622C88E1DD004FD659;
			remoteInfo = ImageFeed;
		};
/* End PBXContainerItemProxy section */

/* Begin PBXFileReference section */
		3D714D582C8C4F81001CB89F /* ImagesListCell.swift */ = {isa = PBXFileReference; lastKnownFileType = sourcecode.swift; path = ImagesListCell.swift; sourceTree = "<group>"; };
		7500AE6E2CD2B0BC006AE4C6 /* TabBarController.swift */ = {isa = PBXFileReference; lastKnownFileType = sourcecode.swift; path = TabBarController.swift; sourceTree = "<group>"; };
		753A4C632C88E1DD004FD659 /* ImageFeed.app */ = {isa = PBXFileReference; explicitFileType = wrapper.application; includeInIndex = 0; path = ImageFeed.app; sourceTree = BUILT_PRODUCTS_DIR; };
		753A4C662C88E1DD004FD659 /* AppDelegate.swift */ = {isa = PBXFileReference; lastKnownFileType = sourcecode.swift; path = AppDelegate.swift; sourceTree = "<group>"; };
		753A4C682C88E1DD004FD659 /* SceneDelegate.swift */ = {isa = PBXFileReference; lastKnownFileType = sourcecode.swift; path = SceneDelegate.swift; sourceTree = "<group>"; };
		753A4C6A2C88E1DD004FD659 /* ImagesListViewController.swift */ = {isa = PBXFileReference; lastKnownFileType = sourcecode.swift; path = ImagesListViewController.swift; sourceTree = "<group>"; };
		753A4C6D2C88E1DD004FD659 /* Base */ = {isa = PBXFileReference; lastKnownFileType = file.storyboard; name = Base; path = Base.lproj/Main.storyboard; sourceTree = "<group>"; };
		753A4C6F2C88E1DF004FD659 /* Assets.xcassets */ = {isa = PBXFileReference; lastKnownFileType = folder.assetcatalog; path = Assets.xcassets; sourceTree = "<group>"; };
		753A4C722C88E1DF004FD659 /* Base */ = {isa = PBXFileReference; lastKnownFileType = file.storyboard; name = Base; path = Base.lproj/LaunchScreen.storyboard; sourceTree = "<group>"; };
		753A4C742C88E1DF004FD659 /* Info.plist */ = {isa = PBXFileReference; lastKnownFileType = text.plist.xml; path = Info.plist; sourceTree = "<group>"; };
		75577C6B2CE52ED400422772 /* WebViewPresenter.swift */ = {isa = PBXFileReference; lastKnownFileType = sourcecode.swift; path = WebViewPresenter.swift; sourceTree = "<group>"; };
		75577C6D2CE5335F00422772 /* AuthHelper.swift */ = {isa = PBXFileReference; lastKnownFileType = sourcecode.swift; path = AuthHelper.swift; sourceTree = "<group>"; };
		7572C8E22CA5D18500000CC4 /* AuthConfiguration.swift */ = {isa = PBXFileReference; lastKnownFileType = sourcecode.swift; path = AuthConfiguration.swift; sourceTree = "<group>"; };
		7572C8E42CA86B5300000CC4 /* AuthViewController.swift */ = {isa = PBXFileReference; lastKnownFileType = sourcecode.swift; path = AuthViewController.swift; sourceTree = "<group>"; };
		7572C8E92CA86F2B00000CC4 /* WebViewViewController.swift */ = {isa = PBXFileReference; lastKnownFileType = sourcecode.swift; path = WebViewViewController.swift; sourceTree = "<group>"; };
		7579CD172CCADF2600748B51 /* ProfileImageService.swift */ = {isa = PBXFileReference; lastKnownFileType = sourcecode.swift; path = ProfileImageService.swift; sourceTree = "<group>"; };
		759F3A5F2CA98FE7000B1F88 /* OAuth2Service.swift */ = {isa = PBXFileReference; lastKnownFileType = sourcecode.swift; path = OAuth2Service.swift; sourceTree = "<group>"; };
		759F3A612CAC71AD000B1F88 /* URLSession+data.swift */ = {isa = PBXFileReference; lastKnownFileType = sourcecode.swift; path = "URLSession+data.swift"; sourceTree = "<group>"; };
		759F3A632CAC741C000B1F88 /* OAuthTokenResponseBody.swift */ = {isa = PBXFileReference; lastKnownFileType = sourcecode.swift; path = OAuthTokenResponseBody.swift; sourceTree = "<group>"; };
		759F3A652CAC7472000B1F88 /* OAuth2TokenStorage.swift */ = {isa = PBXFileReference; lastKnownFileType = sourcecode.swift; path = OAuth2TokenStorage.swift; sourceTree = "<group>"; };
		759F3A692CAC7CEC000B1F88 /* SplashViewController.swift */ = {isa = PBXFileReference; lastKnownFileType = sourcecode.swift; path = SplashViewController.swift; sourceTree = "<group>"; };
		75D7FCBE2C8D95F500DAE973 /* SingleImageViewController.swift */ = {isa = PBXFileReference; lastKnownFileType = sourcecode.swift; path = SingleImageViewController.swift; sourceTree = "<group>"; };
		75DBC0072CD938650012043E /* ImagesListService.swift */ = {isa = PBXFileReference; lastKnownFileType = sourcecode.swift; path = ImagesListService.swift; sourceTree = "<group>"; };
		75DBC00D2CD94F940012043E /* ImageFeedTests.xctest */ = {isa = PBXFileReference; explicitFileType = wrapper.cfbundle; includeInIndex = 0; path = ImageFeedTests.xctest; sourceTree = BUILT_PRODUCTS_DIR; };
		75DBC0162CDE93480012043E /* ProfileLogoutService.swift */ = {isa = PBXFileReference; lastKnownFileType = sourcecode.swift; path = ProfileLogoutService.swift; sourceTree = "<group>"; };
		75E9CAEA2CCACB86003B47D1 /* UIBlockingProgressHUD.swift */ = {isa = PBXFileReference; lastKnownFileType = sourcecode.swift; path = UIBlockingProgressHUD.swift; sourceTree = "<group>"; };
		75E9CAEC2CCACD80003B47D1 /* ProfileService.swift */ = {isa = PBXFileReference; lastKnownFileType = sourcecode.swift; path = ProfileService.swift; sourceTree = "<group>"; };
		75F355152C8D83AD00058F71 /* ProfileViewController.swift */ = {isa = PBXFileReference; lastKnownFileType = sourcecode.swift; path = ProfileViewController.swift; sourceTree = "<group>"; };
/* End PBXFileReference section */

/* Begin PBXFrameworksBuildPhase section */
		753A4C602C88E1DD004FD659 /* Frameworks */ = {
			isa = PBXFrameworksBuildPhase;
			buildActionMask = 2147483647;
			files = (
				7500AE6A2CD15A7B006AE4C6 /* Kingfisher in Frameworks */,
				75C0A6322CC6D4D900CE2247 /* ProgressHUD in Frameworks */,
				7500AE6D2CD2A9A9006AE4C6 /* SwiftKeychainWrapper in Frameworks */,
			);
			runOnlyForDeploymentPostprocessing = 0;
		};
		75DBC00A2CD94F940012043E /* Frameworks */ = {
			isa = PBXFrameworksBuildPhase;
			buildActionMask = 2147483647;
			files = (
			);
			runOnlyForDeploymentPostprocessing = 0;
		};
/* End PBXFrameworksBuildPhase section */

/* Begin PBXGroup section */
		3D714D5A2C8C4FB3001CB89F /* ImagesList */ = {
			isa = PBXGroup;
			children = (
				753A4C6A2C88E1DD004FD659 /* ImagesListViewController.swift */,
				3D714D582C8C4F81001CB89F /* ImagesListCell.swift */,
			);
			path = ImagesList;
			sourceTree = "<group>";
		};
		753A4C5A2C88E1DD004FD659 = {
			isa = PBXGroup;
			children = (
				753A4C652C88E1DD004FD659 /* ImageFeed */,
				753A4C642C88E1DD004FD659 /* Products */,
			);
			sourceTree = "<group>";
		};
		753A4C642C88E1DD004FD659 /* Products */ = {
			isa = PBXGroup;
			children = (
				753A4C632C88E1DD004FD659 /* ImageFeed.app */,
				75DBC00D2CD94F940012043E /* ImageFeedTests.xctest */,
			);
			name = Products;
			sourceTree = "<group>";
		};
		753A4C652C88E1DD004FD659 /* ImageFeed */ = {
			isa = PBXGroup;
			children = (
				75577C6D2CE5335F00422772 /* AuthHelper.swift */,
				75DBC0162CDE93480012043E /* ProfileLogoutService.swift */,
				75DBC0072CD938650012043E /* ImagesListService.swift */,
				7500AE6E2CD2B0BC006AE4C6 /* TabBarController.swift */,
				7579CD172CCADF2600748B51 /* ProfileImageService.swift */,
				75E9CAEC2CCACD80003B47D1 /* ProfileService.swift */,
				75E9CAEA2CCACB86003B47D1 /* UIBlockingProgressHUD.swift */,
				7572C8E62CA86EF200000CC4 /* Auth */,
				7572C8E22CA5D18500000CC4 /* AuthConfiguration.swift */,
				759F3A692CAC7CEC000B1F88 /* SplashViewController.swift */,
				75F355152C8D83AD00058F71 /* ProfileViewController.swift */,
				753A4C662C88E1DD004FD659 /* AppDelegate.swift */,
				753A4C682C88E1DD004FD659 /* SceneDelegate.swift */,
				3D714D5A2C8C4FB3001CB89F /* ImagesList */,
				753A4C6C2C88E1DD004FD659 /* Main.storyboard */,
				753A4C6F2C88E1DF004FD659 /* Assets.xcassets */,
				753A4C712C88E1DF004FD659 /* LaunchScreen.storyboard */,
				753A4C742C88E1DF004FD659 /* Info.plist */,
				75D7FCBE2C8D95F500DAE973 /* SingleImageViewController.swift */,
			);
			path = ImageFeed;
			sourceTree = "<group>";
		};
		7572C8E62CA86EF200000CC4 /* Auth */ = {
			isa = PBXGroup;
			children = (
				75577C6B2CE52ED400422772 /* WebViewPresenter.swift */,
				759F3A652CAC7472000B1F88 /* OAuth2TokenStorage.swift */,
				759F3A632CAC741C000B1F88 /* OAuthTokenResponseBody.swift */,
				759F3A612CAC71AD000B1F88 /* URLSession+data.swift */,
				759F3A5F2CA98FE7000B1F88 /* OAuth2Service.swift */,
				7572C8E92CA86F2B00000CC4 /* WebViewViewController.swift */,
				7572C8E42CA86B5300000CC4 /* AuthViewController.swift */,
			);
			path = Auth;
			sourceTree = "<group>";
		};
/* End PBXGroup section */

/* Begin PBXNativeTarget section */
		753A4C622C88E1DD004FD659 /* ImageFeed */ = {
			isa = PBXNativeTarget;
			buildConfigurationList = 753A4C772C88E1DF004FD659 /* Build configuration list for PBXNativeTarget "ImageFeed" */;
			buildPhases = (
				753A4C5F2C88E1DD004FD659 /* Sources */,
				753A4C602C88E1DD004FD659 /* Frameworks */,
				753A4C612C88E1DD004FD659 /* Resources */,
			);
			buildRules = (
			);
			dependencies = (
			);
			name = ImageFeed;
			productName = ImageFeed;
			productReference = 753A4C632C88E1DD004FD659 /* ImageFeed.app */;
			productType = "com.apple.product-type.application";
		};
		75DBC00C2CD94F940012043E /* ImageFeedTests */ = {
			isa = PBXNativeTarget;
			buildConfigurationList = 75DBC0132CD94F950012043E /* Build configuration list for PBXNativeTarget "ImageFeedTests" */;
			buildPhases = (
				75DBC0092CD94F940012043E /* Sources */,
				75DBC00A2CD94F940012043E /* Frameworks */,
				75DBC00B2CD94F940012043E /* Resources */,
			);
			buildRules = (
			);
			dependencies = (
				75DBC0122CD94F950012043E /* PBXTargetDependency */,
			);
			name = ImageFeedTests;
			packageProductDependencies = (
			);
			productName = ImageFeedTests;
			productReference = 75DBC00D2CD94F940012043E /* ImageFeedTests.xctest */;
			productType = "com.apple.product-type.bundle.unit-test";
		};
/* End PBXNativeTarget section */

/* Begin PBXProject section */
		753A4C5B2C88E1DD004FD659 /* Project object */ = {
			isa = PBXProject;
			attributes = {
				BuildIndependentTargetsInParallel = 1;
				LastSwiftUpdateCheck = 1610;
				LastUpgradeCheck = 1540;
				TargetAttributes = {
					753A4C622C88E1DD004FD659 = {
						CreatedOnToolsVersion = 15.4;
					};
					75DBC00C2CD94F940012043E = {
						CreatedOnToolsVersion = 16.1;
						TestTargetID = 753A4C622C88E1DD004FD659;
					};
				};
			};
			buildConfigurationList = 753A4C5E2C88E1DD004FD659 /* Build configuration list for PBXProject "ImageFeed" */;
			compatibilityVersion = "Xcode 14.0";
			developmentRegion = en;
			hasScannedForEncodings = 0;
			knownRegions = (
				en,
				Base,
			);
			mainGroup = 753A4C5A2C88E1DD004FD659;
			packageReferences = (
				75C0A6302CC6D4D900CE2247 /* XCRemoteSwiftPackageReference "ProgressHUD" */,
				7500AE682CD15A7B006AE4C6 /* XCRemoteSwiftPackageReference "Kingfisher" */,
				7500AE6B2CD2A9A9006AE4C6 /* XCRemoteSwiftPackageReference "SwiftKeychainWrapper" */,
			);
			productRefGroup = 753A4C642C88E1DD004FD659 /* Products */;
			projectDirPath = "";
			projectRoot = "";
			targets = (
				753A4C622C88E1DD004FD659 /* ImageFeed */,
				75DBC00C2CD94F940012043E /* ImageFeedTests */,
			);
		};
/* End PBXProject section */

/* Begin PBXResourcesBuildPhase section */
		753A4C612C88E1DD004FD659 /* Resources */ = {
			isa = PBXResourcesBuildPhase;
			buildActionMask = 2147483647;
			files = (
				753A4C702C88E1DF004FD659 /* Assets.xcassets in Resources */,
				753A4C732C88E1DF004FD659 /* Base in Resources */,
				753A4C6E2C88E1DD004FD659 /* Base in Resources */,
			);
			runOnlyForDeploymentPostprocessing = 0;
		};
		75DBC00B2CD94F940012043E /* Resources */ = {
			isa = PBXResourcesBuildPhase;
			buildActionMask = 2147483647;
			files = (
			);
			runOnlyForDeploymentPostprocessing = 0;
		};
/* End PBXResourcesBuildPhase section */

/* Begin PBXSourcesBuildPhase section */
		753A4C5F2C88E1DD004FD659 /* Sources */ = {
			isa = PBXSourcesBuildPhase;
			buildActionMask = 2147483647;
			files = (
				753A4C6B2C88E1DD004FD659 /* ImagesListViewController.swift in Sources */,
				75E9CAED2CCACD82003B47D1 /* ProfileService.swift in Sources */,
				3D714D592C8C4F81001CB89F /* ImagesListCell.swift in Sources */,
				7500AE6F2CD2B0BF006AE4C6 /* TabBarController.swift in Sources */,
				759F3A642CAC741D000B1F88 /* OAuthTokenResponseBody.swift in Sources */,
				75F355162C8D83AD00058F71 /* ProfileViewController.swift in Sources */,
				753A4C672C88E1DD004FD659 /* AppDelegate.swift in Sources */,
				75577C6E2CE5336400422772 /* AuthHelper.swift in Sources */,
				7579CD182CCADF2E00748B51 /* ProfileImageService.swift in Sources */,
				759F3A6A2CAC7CEC000B1F88 /* SplashViewController.swift in Sources */,
				7572C8E52CA86B5700000CC4 /* AuthViewController.swift in Sources */,
				7572C8E32CA5D18E00000CC4 /* AuthConfiguration.swift in Sources */,
				75E9CAEB2CCACB95003B47D1 /* UIBlockingProgressHUD.swift in Sources */,
				75D7FCBF2C8D95F500DAE973 /* SingleImageViewController.swift in Sources */,
				75DBC0172CDE934C0012043E /* ProfileLogoutService.swift in Sources */,
				759F3A622CAC71B9000B1F88 /* URLSession+data.swift in Sources */,
				75DBC0082CD938670012043E /* ImagesListService.swift in Sources */,
				75577C6C2CE52ED700422772 /* WebViewPresenter.swift in Sources */,
				7572C8EA2CA86F2F00000CC4 /* WebViewViewController.swift in Sources */,
				759F3A602CA98FEA000B1F88 /* OAuth2Service.swift in Sources */,
				759F3A662CAC7473000B1F88 /* OAuth2TokenStorage.swift in Sources */,
				753A4C692C88E1DD004FD659 /* SceneDelegate.swift in Sources */,
			);
			runOnlyForDeploymentPostprocessing = 0;
		};
		75DBC0092CD94F940012043E /* Sources */ = {
			isa = PBXSourcesBuildPhase;
			buildActionMask = 2147483647;
			files = (
			);
			runOnlyForDeploymentPostprocessing = 0;
		};
/* End PBXSourcesBuildPhase section */

/* Begin PBXTargetDependency section */
		75DBC0122CD94F950012043E /* PBXTargetDependency */ = {
			isa = PBXTargetDependency;
			target = 753A4C622C88E1DD004FD659 /* ImageFeed */;
			targetProxy = 75DBC0112CD94F950012043E /* PBXContainerItemProxy */;
		};
/* End PBXTargetDependency section */

/* Begin PBXVariantGroup section */
		753A4C6C2C88E1DD004FD659 /* Main.storyboard */ = {
			isa = PBXVariantGroup;
			children = (
				753A4C6D2C88E1DD004FD659 /* Base */,
			);
			name = Main.storyboard;
			sourceTree = "<group>";
		};
		753A4C712C88E1DF004FD659 /* LaunchScreen.storyboard */ = {
			isa = PBXVariantGroup;
			children = (
				753A4C722C88E1DF004FD659 /* Base */,
			);
			name = LaunchScreen.storyboard;
			sourceTree = "<group>";
		};
/* End PBXVariantGroup section */

/* Begin XCBuildConfiguration section */
		753A4C752C88E1DF004FD659 /* Debug */ = {
			isa = XCBuildConfiguration;
			buildSettings = {
				ALWAYS_SEARCH_USER_PATHS = NO;
				ASSETCATALOG_COMPILER_GENERATE_SWIFT_ASSET_SYMBOL_EXTENSIONS = YES;
				CLANG_ANALYZER_NONNULL = YES;
				CLANG_ANALYZER_NUMBER_OBJECT_CONVERSION = YES_AGGRESSIVE;
				CLANG_CXX_LANGUAGE_STANDARD = "gnu++20";
				CLANG_ENABLE_MODULES = YES;
				CLANG_ENABLE_OBJC_ARC = YES;
				CLANG_ENABLE_OBJC_WEAK = YES;
				CLANG_WARN_BLOCK_CAPTURE_AUTORELEASING = YES;
				CLANG_WARN_BOOL_CONVERSION = YES;
				CLANG_WARN_COMMA = YES;
				CLANG_WARN_CONSTANT_CONVERSION = YES;
				CLANG_WARN_DEPRECATED_OBJC_IMPLEMENTATIONS = YES;
				CLANG_WARN_DIRECT_OBJC_ISA_USAGE = YES_ERROR;
				CLANG_WARN_DOCUMENTATION_COMMENTS = YES;
				CLANG_WARN_EMPTY_BODY = YES;
				CLANG_WARN_ENUM_CONVERSION = YES;
				CLANG_WARN_INFINITE_RECURSION = YES;
				CLANG_WARN_INT_CONVERSION = YES;
				CLANG_WARN_NON_LITERAL_NULL_CONVERSION = YES;
				CLANG_WARN_OBJC_IMPLICIT_RETAIN_SELF = YES;
				CLANG_WARN_OBJC_LITERAL_CONVERSION = YES;
				CLANG_WARN_OBJC_ROOT_CLASS = YES_ERROR;
				CLANG_WARN_QUOTED_INCLUDE_IN_FRAMEWORK_HEADER = YES;
				CLANG_WARN_RANGE_LOOP_ANALYSIS = YES;
				CLANG_WARN_STRICT_PROTOTYPES = YES;
				CLANG_WARN_SUSPICIOUS_MOVE = YES;
				CLANG_WARN_UNGUARDED_AVAILABILITY = YES_AGGRESSIVE;
				CLANG_WARN_UNREACHABLE_CODE = YES;
				CLANG_WARN__DUPLICATE_METHOD_MATCH = YES;
				COPY_PHASE_STRIP = NO;
				DEBUG_INFORMATION_FORMAT = dwarf;
				ENABLE_STRICT_OBJC_MSGSEND = YES;
				ENABLE_TESTABILITY = YES;
				ENABLE_USER_SCRIPT_SANDBOXING = YES;
				GCC_C_LANGUAGE_STANDARD = gnu17;
				GCC_DYNAMIC_NO_PIC = NO;
				GCC_NO_COMMON_BLOCKS = YES;
				GCC_OPTIMIZATION_LEVEL = 0;
				GCC_PREPROCESSOR_DEFINITIONS = (
					"DEBUG=1",
					"$(inherited)",
				);
				GCC_WARN_64_TO_32_BIT_CONVERSION = YES;
				GCC_WARN_ABOUT_RETURN_TYPE = YES_ERROR;
				GCC_WARN_UNDECLARED_SELECTOR = YES;
				GCC_WARN_UNINITIALIZED_AUTOS = YES_AGGRESSIVE;
				GCC_WARN_UNUSED_FUNCTION = YES;
				GCC_WARN_UNUSED_VARIABLE = YES;
				IPHONEOS_DEPLOYMENT_TARGET = 13.0;
				LOCALIZATION_PREFERS_STRING_CATALOGS = YES;
				MTL_ENABLE_DEBUG_INFO = INCLUDE_SOURCE;
				MTL_FAST_MATH = YES;
				ONLY_ACTIVE_ARCH = YES;
				SDKROOT = iphoneos;
				SWIFT_ACTIVE_COMPILATION_CONDITIONS = "DEBUG $(inherited)";
				SWIFT_OPTIMIZATION_LEVEL = "-Onone";
			};
			name = Debug;
		};
		753A4C762C88E1DF004FD659 /* Release */ = {
			isa = XCBuildConfiguration;
			buildSettings = {
				ALWAYS_SEARCH_USER_PATHS = NO;
				ASSETCATALOG_COMPILER_GENERATE_SWIFT_ASSET_SYMBOL_EXTENSIONS = YES;
				CLANG_ANALYZER_NONNULL = YES;
				CLANG_ANALYZER_NUMBER_OBJECT_CONVERSION = YES_AGGRESSIVE;
				CLANG_CXX_LANGUAGE_STANDARD = "gnu++20";
				CLANG_ENABLE_MODULES = YES;
				CLANG_ENABLE_OBJC_ARC = YES;
				CLANG_ENABLE_OBJC_WEAK = YES;
				CLANG_WARN_BLOCK_CAPTURE_AUTORELEASING = YES;
				CLANG_WARN_BOOL_CONVERSION = YES;
				CLANG_WARN_COMMA = YES;
				CLANG_WARN_CONSTANT_CONVERSION = YES;
				CLANG_WARN_DEPRECATED_OBJC_IMPLEMENTATIONS = YES;
				CLANG_WARN_DIRECT_OBJC_ISA_USAGE = YES_ERROR;
				CLANG_WARN_DOCUMENTATION_COMMENTS = YES;
				CLANG_WARN_EMPTY_BODY = YES;
				CLANG_WARN_ENUM_CONVERSION = YES;
				CLANG_WARN_INFINITE_RECURSION = YES;
				CLANG_WARN_INT_CONVERSION = YES;
				CLANG_WARN_NON_LITERAL_NULL_CONVERSION = YES;
				CLANG_WARN_OBJC_IMPLICIT_RETAIN_SELF = YES;
				CLANG_WARN_OBJC_LITERAL_CONVERSION = YES;
				CLANG_WARN_OBJC_ROOT_CLASS = YES_ERROR;
				CLANG_WARN_QUOTED_INCLUDE_IN_FRAMEWORK_HEADER = YES;
				CLANG_WARN_RANGE_LOOP_ANALYSIS = YES;
				CLANG_WARN_STRICT_PROTOTYPES = YES;
				CLANG_WARN_SUSPICIOUS_MOVE = YES;
				CLANG_WARN_UNGUARDED_AVAILABILITY = YES_AGGRESSIVE;
				CLANG_WARN_UNREACHABLE_CODE = YES;
				CLANG_WARN__DUPLICATE_METHOD_MATCH = YES;
				COPY_PHASE_STRIP = NO;
				DEBUG_INFORMATION_FORMAT = "dwarf-with-dsym";
				ENABLE_NS_ASSERTIONS = NO;
				ENABLE_STRICT_OBJC_MSGSEND = YES;
				ENABLE_USER_SCRIPT_SANDBOXING = YES;
				GCC_C_LANGUAGE_STANDARD = gnu17;
				GCC_NO_COMMON_BLOCKS = YES;
				GCC_WARN_64_TO_32_BIT_CONVERSION = YES;
				GCC_WARN_ABOUT_RETURN_TYPE = YES_ERROR;
				GCC_WARN_UNDECLARED_SELECTOR = YES;
				GCC_WARN_UNINITIALIZED_AUTOS = YES_AGGRESSIVE;
				GCC_WARN_UNUSED_FUNCTION = YES;
				GCC_WARN_UNUSED_VARIABLE = YES;
				IPHONEOS_DEPLOYMENT_TARGET = 13.0;
				LOCALIZATION_PREFERS_STRING_CATALOGS = YES;
				MTL_ENABLE_DEBUG_INFO = NO;
				MTL_FAST_MATH = YES;
				SDKROOT = iphoneos;
				SWIFT_COMPILATION_MODE = wholemodule;
				VALIDATE_PRODUCT = YES;
			};
			name = Release;
		};
		753A4C782C88E1DF004FD659 /* Debug */ = {
			isa = XCBuildConfiguration;
			buildSettings = {
				ASSETCATALOG_COMPILER_APPICON_NAME = AppIcon;
				ASSETCATALOG_COMPILER_GLOBAL_ACCENT_COLOR_NAME = AccentColor;
				CODE_SIGN_STYLE = Automatic;
				CURRENT_PROJECT_VERSION = 1;
				DEVELOPMENT_TEAM = W8M64LUWMC;
				GENERATE_INFOPLIST_FILE = YES;
				INFOPLIST_FILE = ImageFeed/Info.plist;
				INFOPLIST_KEY_UIApplicationSupportsIndirectInputEvents = YES;
				INFOPLIST_KEY_UILaunchStoryboardName = LaunchScreen;
				INFOPLIST_KEY_UIMainStoryboardFile = Main;
				INFOPLIST_KEY_UISupportedInterfaceOrientations = UIInterfaceOrientationPortrait;
				IPHONEOS_DEPLOYMENT_TARGET = 13.0;
				LD_RUNPATH_SEARCH_PATHS = (
					"$(inherited)",
					"@executable_path/Frameworks",
				);
				MARKETING_VERSION = 1.0;
				PRODUCT_BUNDLE_IDENTIFIER = ru.nex77qoz.ImageFeed;
				PRODUCT_NAME = "$(TARGET_NAME)";
				SUPPORTED_PLATFORMS = "iphoneos iphonesimulator";
				SUPPORTS_MACCATALYST = NO;
				SUPPORTS_MAC_DESIGNED_FOR_IPHONE_IPAD = NO;
				SUPPORTS_XR_DESIGNED_FOR_IPHONE_IPAD = NO;
				SWIFT_EMIT_LOC_STRINGS = YES;
				SWIFT_VERSION = 5.0;
				TARGETED_DEVICE_FAMILY = 1;
			};
			name = Debug;
		};
		753A4C792C88E1DF004FD659 /* Release */ = {
			isa = XCBuildConfiguration;
			buildSettings = {
				ASSETCATALOG_COMPILER_APPICON_NAME = AppIcon;
				ASSETCATALOG_COMPILER_GLOBAL_ACCENT_COLOR_NAME = AccentColor;
				CODE_SIGN_STYLE = Automatic;
				CURRENT_PROJECT_VERSION = 1;
				DEVELOPMENT_TEAM = W8M64LUWMC;
				GENERATE_INFOPLIST_FILE = YES;
				INFOPLIST_FILE = ImageFeed/Info.plist;
				INFOPLIST_KEY_UIApplicationSupportsIndirectInputEvents = YES;
				INFOPLIST_KEY_UILaunchStoryboardName = LaunchScreen;
				INFOPLIST_KEY_UIMainStoryboardFile = Main;
				INFOPLIST_KEY_UISupportedInterfaceOrientations = UIInterfaceOrientationPortrait;
				IPHONEOS_DEPLOYMENT_TARGET = 13.0;
				LD_RUNPATH_SEARCH_PATHS = (
					"$(inherited)",
					"@executable_path/Frameworks",
				);
				MARKETING_VERSION = 1.0;
				PRODUCT_BUNDLE_IDENTIFIER = ru.nex77qoz.ImageFeed;
				PRODUCT_NAME = "$(TARGET_NAME)";
				SUPPORTED_PLATFORMS = "iphoneos iphonesimulator";
				SUPPORTS_MACCATALYST = NO;
				SUPPORTS_MAC_DESIGNED_FOR_IPHONE_IPAD = NO;
				SUPPORTS_XR_DESIGNED_FOR_IPHONE_IPAD = NO;
				SWIFT_EMIT_LOC_STRINGS = YES;
				SWIFT_VERSION = 5.0;
				TARGETED_DEVICE_FAMILY = 1;
			};
			name = Release;
		};
		75DBC0142CD94F950012043E /* Debug */ = {
			isa = XCBuildConfiguration;
			buildSettings = {
				BUNDLE_LOADER = "$(TEST_HOST)";
				CODE_SIGN_STYLE = Automatic;
				CURRENT_PROJECT_VERSION = 1;
				DEVELOPMENT_TEAM = W8M64LUWMC;
				GENERATE_INFOPLIST_FILE = YES;
				IPHONEOS_DEPLOYMENT_TARGET = 18.1;
				MARKETING_VERSION = 1.0;
				PRODUCT_BUNDLE_IDENTIFIER = ru.nex77qoz.ImageFeedTests;
				PRODUCT_NAME = "$(TARGET_NAME)";
				SWIFT_EMIT_LOC_STRINGS = NO;
				SWIFT_VERSION = 5.0;
				TARGETED_DEVICE_FAMILY = "1,2";
				TEST_HOST = "$(BUILT_PRODUCTS_DIR)/ImageFeed.app/$(BUNDLE_EXECUTABLE_FOLDER_PATH)/ImageFeed";
			};
			name = Debug;
		};
		75DBC0152CD94F950012043E /* Release */ = {
			isa = XCBuildConfiguration;
			buildSettings = {
				BUNDLE_LOADER = "$(TEST_HOST)";
				CODE_SIGN_STYLE = Automatic;
				CURRENT_PROJECT_VERSION = 1;
				DEVELOPMENT_TEAM = W8M64LUWMC;
				GENERATE_INFOPLIST_FILE = YES;
				IPHONEOS_DEPLOYMENT_TARGET = 18.1;
				MARKETING_VERSION = 1.0;
				PRODUCT_BUNDLE_IDENTIFIER = ru.nex77qoz.ImageFeedTests;
				PRODUCT_NAME = "$(TARGET_NAME)";
				SWIFT_EMIT_LOC_STRINGS = NO;
				SWIFT_VERSION = 5.0;
				TARGETED_DEVICE_FAMILY = "1,2";
				TEST_HOST = "$(BUILT_PRODUCTS_DIR)/ImageFeed.app/$(BUNDLE_EXECUTABLE_FOLDER_PATH)/ImageFeed";
			};
			name = Release;
		};
/* End XCBuildConfiguration section */

/* Begin XCConfigurationList section */
		753A4C5E2C88E1DD004FD659 /* Build configuration list for PBXProject "ImageFeed" */ = {
			isa = XCConfigurationList;
			buildConfigurations = (
				753A4C752C88E1DF004FD659 /* Debug */,
				753A4C762C88E1DF004FD659 /* Release */,
			);
			defaultConfigurationIsVisible = 0;
			defaultConfigurationName = Release;
		};
		753A4C772C88E1DF004FD659 /* Build configuration list for PBXNativeTarget "ImageFeed" */ = {
			isa = XCConfigurationList;
			buildConfigurations = (
				753A4C782C88E1DF004FD659 /* Debug */,
				753A4C792C88E1DF004FD659 /* Release */,
			);
			defaultConfigurationIsVisible = 0;
			defaultConfigurationName = Release;
		};
		75DBC0132CD94F950012043E /* Build configuration list for PBXNativeTarget "ImageFeedTests" */ = {
			isa = XCConfigurationList;
			buildConfigurations = (
				75DBC0142CD94F950012043E /* Debug */,
				75DBC0152CD94F950012043E /* Release */,
			);
			defaultConfigurationIsVisible = 0;
			defaultConfigurationName = Release;
		};
/* End XCConfigurationList section */

/* Begin XCRemoteSwiftPackageReference section */
		7500AE682CD15A7B006AE4C6 /* XCRemoteSwiftPackageReference "Kingfisher" */ = {
			isa = XCRemoteSwiftPackageReference;
			repositoryURL = "https://github.com/onevcat/Kingfisher";
			requirement = {
				kind = upToNextMajorVersion;
				minimumVersion = 8.1.0;
			};
		};
		7500AE6B2CD2A9A9006AE4C6 /* XCRemoteSwiftPackageReference "SwiftKeychainWrapper" */ = {
			isa = XCRemoteSwiftPackageReference;
			repositoryURL = "https://github.com/jrendel/SwiftKeychainWrapper";
			requirement = {
				kind = upToNextMajorVersion;
				minimumVersion = 4.0.1;
			};
		};
		75C0A6302CC6D4D900CE2247 /* XCRemoteSwiftPackageReference "ProgressHUD" */ = {
			isa = XCRemoteSwiftPackageReference;
			repositoryURL = "https://github.com/relatedcode/ProgressHUD.git";
			requirement = {
				kind = exactVersion;
				version = 14.1.3;
			};
		};
/* End XCRemoteSwiftPackageReference section */

/* Begin XCSwiftPackageProductDependency section */
		7500AE692CD15A7B006AE4C6 /* Kingfisher */ = {
			isa = XCSwiftPackageProductDependency;
			package = 7500AE682CD15A7B006AE4C6 /* XCRemoteSwiftPackageReference "Kingfisher" */;
			productName = Kingfisher;
		};
		7500AE6C2CD2A9A9006AE4C6 /* SwiftKeychainWrapper */ = {
			isa = XCSwiftPackageProductDependency;
			package = 7500AE6B2CD2A9A9006AE4C6 /* XCRemoteSwiftPackageReference "SwiftKeychainWrapper" */;
			productName = SwiftKeychainWrapper;
		};
		75C0A6312CC6D4D900CE2247 /* ProgressHUD */ = {
			isa = XCSwiftPackageProductDependency;
			package = 75C0A6302CC6D4D900CE2247 /* XCRemoteSwiftPackageReference "ProgressHUD" */;
			productName = ProgressHUD;
		};
/* End XCSwiftPackageProductDependency section */
	};
	rootObject = 753A4C5B2C88E1DD004FD659 /* Project object */;
}
